
Microsoft Visual Studio Solution File, Format Version 12.00
# Visual Studio Version 16
VisualStudioVersion = 16.0.31911.196
MinimumVisualStudioVersion = 10.0.40219.1
Project("{FAE04EC0-301F-11D3-BF4B-00C04F79EFBC}") = "TodoList", "TodoList.csproj", "{79ED0A14-6363-4097-8FB4-D7BBCE2E374A}"
EndProject
Global
	GlobalSection(SolutionConfigurationPlatforms) = preSolution
		Debug|Any CPU = Debug|Any CPU
		Release|Any CPU = Release|Any CPU
	EndGlobalSection
	GlobalSection(ProjectConfigurationPlatforms) = postSolution
		{79ED0A14-6363-4097-8FB4-D7BBCE2E374A}.Debug|Any CPU.ActiveCfg = Debug|Any CPU
		{79ED0A14-6363-4097-8FB4-D7BBCE2E374A}.Debug|Any CPU.Build.0 = Debug|Any CPU
		{79ED0A14-6363-4097-8FB4-D7BBCE2E374A}.Release|Any CPU.ActiveCfg = Release|Any CPU
		{79ED0A14-6363-4097-8FB4-D7BBCE2E374A}.Release|Any CPU.Build.0 = Release|Any CPU
	EndGlobalSection
	GlobalSection(SolutionProperties) = preSolution
		HideSolutionNode = FALSE
	EndGlobalSection
	GlobalSection(ExtensibilityGlobals) = postSolution
		SolutionGuid = {DF7F9372-D963-4446-8244-E72447A0ED50}
	EndGlobalSection
EndGlobal
